{
  "core/facts/snapshot.py": {
    "sha256": "646c5355e0ebc5857c00ecbafa4fa49569143eea6a7f6e4e885306d4fd39a0ce",
    "source": "facts/snapshot.py"
  },
  "core/llm/client.py": {
    "sha256": "adedd10f752b51481b475598f6a4ce069d83df8855264594213c45d7e7478231",
    "source": "llm/client.py"
  },
  "core/llm/sanitize.py": {
    "sha256": "27621027ed48b99a8e8f5b56e141a0ba638919f0a6109e35410f3be816866112",
    "source": "llm/sanitize.py"
  }
}
