{
  "core/facts/snapshot.py": {
    "sha256": "fe6f6f0a634166ea2b3182d1aff21947d4087cffbf3af3d584aec9af0f886e23",
    "source": "facts/snapshot.py"
  },
  "core/llm/client.py": {
    "sha256": "2dae3fa4e68f90e412bae9c596ea6fbe8f0f743fe95ee3485d0b12afba756d38",
    "source": "llm/client.py"
  },
  "core/llm/sanitize.py": {
    "sha256": "6c3616007b09dcc45e55db4dc44e8ecc9bd1450c469e2d54b92e20232ffe3961",
    "source": "llm/sanitize.py"
  }
}
